// !$*UTF8*$!
{
	archiveVersion = 1;
	classes = {
	};
	objectVersion = 52;
	objects = {

/* Begin PBXBuildFile section */
		7E3F71EF2504819D000CECED /* AppDelegate.swift in Sources */ = {isa = PBXBuildFile; fileRef = 7E3F71EE2504819D000CECED /* AppDelegate.swift */; };
		7E3F71F12504819D000CECED /* SceneDelegate.swift in Sources */ = {isa = PBXBuildFile; fileRef = 7E3F71F02504819D000CECED /* SceneDelegate.swift */; };
		7E3F71F32504819D000CECED /* ViewController.swift in Sources */ = {isa = PBXBuildFile; fileRef = 7E3F71F22504819D000CECED /* ViewController.swift */; };
		7E3F71F62504819D000CECED /* Main.storyboard in Resources */ = {isa = PBXBuildFile; fileRef = 7E3F71F42504819D000CECED /* Main.storyboard */; };
		7E3F71F82504819F000CECED /* Assets.xcassets in Resources */ = {isa = PBXBuildFile; fileRef = 7E3F71F72504819F000CECED /* Assets.xcassets */; };
		7E3F71FB2504819F000CECED /* LaunchScreen.storyboard in Resources */ = {isa = PBXBuildFile; fileRef = 7E3F71F92504819F000CECED /* LaunchScreen.storyboard */; };
		7E3F720425048201000CECED /* KeychainAccess in Frameworks */ = {isa = PBXBuildFile; productRef = 7E3F720325048201000CECED /* KeychainAccess */; };
/* End PBXBuildFile section */

/* Begin PBXFileReference section */
		7E3F71EB2504819D000CECED /* UserDefaultsAndKeychainSample.app */ = {isa = PBXFileReference; explicitFileType = wrapper.application; includeInIndex = 0; path = UserDefaultsAndKeychainSample.app; sourceTree = BUILT_PRODUCTS_DIR; };
		7E3F71EE2504819D000CECED /* AppDelegate.swift */ = {isa = PBXFileReference; lastKnownFileType = sourcecode.swift; path = AppDelegate.swift; sourceTree = "<group>"; };
		7E3F71F02504819D000CECED /* SceneDelegate.swift */ = {isa = PBXFileReference; lastKnownFileType = sourcecode.swift; path = SceneDelegate.swift; sourceTree = "<group>"; };
		7E3F71F22504819D000CECED /* ViewController.swift */ = {isa = PBXFileReference; lastKnownFileType = sourcecode.swift; path = ViewController.swift; sourceTree = "<group>"; };
		7E3F71F52504819D000CECED /* Base */ = {isa = PBXFileReference; lastKnownFileType = file.storyboard; name = Base; path = Base.lproj/Main.storyboard; sourceTree = "<group>"; };
		7E3F71F72504819F000CECED /* Assets.xcassets */ = {isa = PBXFileReference; lastKnownFileType = folder.assetcatalog; path = Assets.xcassets; sourceTree = "<group>"; };
		7E3F71FA2504819F000CECED /* Base */ = {isa = PBXFileReference; lastKnownFileType = file.storyboard; name = Base; path = Base.lproj/LaunchScreen.storyboard; sourceTree = "<group>"; };
		7E3F71FC2504819F000CECED /* Info.plist */ = {isa = PBXFileReference; lastKnownFileType = text.plist.xml; path = Info.plist; sourceTree = "<group>"; };
/* End PBXFileReference section */

/* Begin PBXFrameworksBuildPhase section */
		7E3F71E82504819D000CECED /* Frameworks */ = {
			isa = PBXFrameworksBuildPhase;
			buildActionMask = 2147483647;
			files = (
				7E3F720425048201000CECED /* KeychainAccess in Frameworks */,
			);
			runOnlyForDeploymentPostprocessing = 0;
		};
/* End PBXFrameworksBuildPhase section */

/* Begin PBXGroup section */
		7E3F71E22504819D000CECED = {
			isa = PBXGroup;
			children = (
				7E3F71ED2504819D000CECED /* UserDefaultsAndKeychainSample */,
				7E3F71EC2504819D000CECED /* Products */,
			);
			sourceTree = "<group>";
		};
		7E3F71EC2504819D000CECED /* Products */ = {
			isa = PBXGroup;
			children = (
				7E3F71EB2504819D000CECED /* UserDefaultsAndKeychainSample.app */,
			);
			name = Products;
			sourceTree = "<group>";
		};
		7E3F71ED2504819D000CECED /* UserDefaultsAndKeychainSample */ = {
			isa = PBXGroup;
			children = (
				7E3F71EE2504819D000CECED /* AppDelegate.swift */,
				7E3F71F02504819D000CECED /* SceneDelegate.swift */,
				7E3F71F22504819D000CECED /* ViewController.swift */,
				7E3F71F42504819D000CECED /* Main.storyboard */,
				7E3F71F72504819F000CECED /* Assets.xcassets */,
				7E3F71F92504819F000CECED /* LaunchScreen.storyboard */,
				7E3F71FC2504819F000CECED /* Info.plist */,
			);
			path = UserDefaultsAndKeychainSample;
			sourceTree = "<group>";
		};
/* End PBXGroup section */

/* Begin PBXNativeTarget section */
		7E3F71EA2504819D000CECED /* UserDefaultsAndKeychainSample */ = {
			isa = PBXNativeTarget;
			buildConfigurationList = 7E3F71FF2504819F000CECED /* Build configuration list for PBXNativeTarget "UserDefaultsAndKeychainSample" */;
			buildPhases = (
				7E3F71E72504819D000CECED /* Sources */,
				7E3F71E82504819D000CECED /* Frameworks */,
				7E3F71E92504819D000CECED /* Resources */,
			);
			buildRules = (
			);
			dependencies = (
			);
			name = UserDefaultsAndKeychainSample;
			packageProductDependencies = (
				7E3F720325048201000CECED /* KeychainAccess */,
			);
			productName = UserDefaultsAndKeychainSample;
			productReference = 7E3F71EB2504819D000CECED /* UserDefaultsAndKeychainSample.app */;
			productType = "com.apple.product-type.application";
		};
/* End PBXNativeTarget section */

/* Begin PBXProject section */
		7E3F71E32504819D000CECED /* Project object */ = {
			isa = PBXProject;
			attributes = {
				LastSwiftUpdateCheck = 1170;
				LastUpgradeCheck = 1170;
				ORGANIZATIONNAME = "Daisuke TONOSAKI";
				TargetAttributes = {
					7E3F71EA2504819D000CECED = {
						CreatedOnToolsVersion = 11.7;
					};
				};
			};
			buildConfigurationList = 7E3F71E62504819D000CECED /* Build configuration list for PBXProject "UserDefaultsAndKeychainSample" */;
			compatibilityVersion = "Xcode 9.3";
			developmentRegion = en;
			hasScannedForEncodings = 0;
			knownRegions = (
				en,
				Base,
			);
			mainGroup = 7E3F71E22504819D000CECED;
			packageReferences = (
				7E3F720225048201000CECED /* XCRemoteSwiftPackageReference "KeychainAccess" */,
			);
			productRefGroup = 7E3F71EC2504819D000CECED /* Products */;
			projectDirPath = "";
			projectRoot = "";
			targets = (
				7E3F71EA2504819D000CECED /* UserDefaultsAndKeychainSample */,
			);
		};
/* End PBXProject section */

/* Begin PBXResourcesBuildPhase section */
		7E3F71E92504819D000CECED /* Resources */ = {
			isa = PBXResourcesBuildPhase;
			buildActionMask = 2147483647;
			files = (
				7E3F71FB2504819F000CECED /* LaunchScreen.storyboard in Resources */,
				7E3F71F82504819F000CECED /* Assets.xcassets in Resources */,
				7E3F71F62504819D000CECED /* Main.storyboard in Resources */,
			);
			runOnlyForDeploymentPostprocessing = 0;
		};
/* End PBXResourcesBuildPhase section */

/* Begin PBXSourcesBuildPhase section */
		7E3F71E72504819D000CECED /* Sources */ = {
			isa = PBXSourcesBuildPhase;
			buildActionMask = 2147483647;
			files = (
				7E3F71F32504819D000CECED /* ViewController.swift in Sources */,
				7E3F71EF2504819D000CECED /* AppDelegate.swift in Sources */,
				7E3F71F12504819D000CECED /* SceneDelegate.swift in Sources */,
			);
			runOnlyForDeploymentPostprocessing = 0;
		};
/* End PBXSourcesBuildPhase section */

/* Begin PBXVariantGroup section */
		7E3F71F42504819D000CECED /* Main.storyboard */ = {
			isa = PBXVariantGroup;
			children = (
				7E3F71F52504819D000CECED /* Base */,
			);
			name = Main.storyboard;
			sourceTree = "<group>";
		};
		7E3F71F92504819F000CECED /* LaunchScreen.storyboard */ = {
			isa = PBXVariantGroup;
			children = (
				7E3F71FA2504819F000CECED /* Base */,
			);
			name = LaunchScreen.storyboard;
			sourceTree = "<group>";
		};
/* End PBXVariantGroup section */

/* Begin XCBuildConfiguration section */
		7E3F71FD2504819F000CECED /* Debug */ = {
			isa = XCBuildConfiguration;
			buildSettings = {
				ALWAYS_SEARCH_USER_PATHS = NO;
				CLANG_ANALYZER_NONNULL = YES;
				CLANG_ANALYZER_NUMBER_OBJECT_CONVERSION = YES_AGGRESSIVE;
				CLANG_CXX_LANGUAGE_STANDARD = "gnu++14";
				CLANG_CXX_LIBRARY = "libc++";
				CLANG_ENABLE_MODULES = YES;
				CLANG_ENABLE_OBJC_ARC = YES;
				CLANG_ENABLE_OBJC_WEAK = YES;
				CLANG_WARN_BLOCK_CAPTURE_AUTORELEASING = YES;
				CLANG_WARN_BOOL_CONVERSION = YES;
				CLANG_WARN_COMMA = YES;
				CLANG_WARN_CONSTANT_CONVERSION = YES;
				CLANG_WARN_DEPRECATED_OBJC_IMPLEMENTATIONS = YES;
				CLANG_WARN_DIRECT_OBJC_ISA_USAGE = YES_ERROR;
				CLANG_WARN_DOCUMENTATION_COMMENTS = YES;
				CLANG_WARN_EMPTY_BODY = YES;
				CLANG_WARN_ENUM_CONVERSION = YES;
				CLANG_WARN_INFINITE_RECURSION = YES;
				CLANG_WARN_INT_CONVERSION = YES;
				CLANG_WARN_NON_LITERAL_NULL_CONVERSION = YES;
				CLANG_WARN_OBJC_IMPLICIT_RETAIN_SELF = YES;
				CLANG_WARN_OBJC_LITERAL_CONVERSION = YES;
				CLANG_WARN_OBJC_ROOT_CLASS = YES_ERROR;
				CLANG_WARN_RANGE_LOOP_ANALYSIS = YES;
				CLANG_WARN_STRICT_PROTOTYPES = YES;
				CLANG_WARN_SUSPICIOUS_MOVE = YES;
				CLANG_WARN_UNGUARDED_AVAILABILITY = YES_AGGRESSIVE;
				CLANG_WARN_UNREACHABLE_CODE = YES;
				CLANG_WARN__DUPLICATE_METHOD_MATCH = YES;
				COPY_PHASE_STRIP = NO;
				DEBUG_INFORMATION_FORMAT = dwarf;
				ENABLE_STRICT_OBJC_MSGSEND = YES;
				ENABLE_TESTABILITY = YES;
				GCC_C_LANGUAGE_STANDARD = gnu11;
				GCC_DYNAMIC_NO_PIC = NO;
				GCC_NO_COMMON_BLOCKS = YES;
				GCC_OPTIMIZATION_LEVEL = 0;
				GCC_PREPROCESSOR_DEFINITIONS = (
					"DEBUG=1",
					"$(inherited)",
				);
				GCC_WARN_64_TO_32_BIT_CONVERSION = YES;
				GCC_WARN_ABOUT_RETURN_TYPE = YES_ERROR;
				GCC_WARN_UNDECLARED_SELECTOR = YES;
				GCC_WARN_UNINITIALIZED_AUTOS = YES_AGGRESSIVE;
				GCC_WARN_UNUSED_FUNCTION = YES;
				GCC_WARN_UNUSED_VARIABLE = YES;
				IPHONEOS_DEPLOYMENT_TARGET = 13.7;
				MTL_ENABLE_DEBUG_INFO = INCLUDE_SOURCE;
				MTL_FAST_MATH = YES;
				ONLY_ACTIVE_ARCH = YES;
				SDKROOT = iphoneos;
				SWIFT_ACTIVE_COMPILATION_CONDITIONS = DEBUG;
				SWIFT_OPTIMIZATION_LEVEL = "-Onone";
			};
			name = Debug;
		};
		7E3F71FE2504819F000CECED /* Release */ = {
			isa = XCBuildConfiguration;
			buildSettings = {
				ALWAYS_SEARCH_USER_PATHS = NO;
				CLANG_ANALYZER_NONNULL = YES;
				CLANG_ANALYZER_NUMBER_OBJECT_CONVERSION = YES_AGGRESSIVE;
				CLANG_CXX_LANGUAGE_STANDARD = "gnu++14";
				CLANG_CXX_LIBRARY = "libc++";
				CLANG_ENABLE_MODULES = YES;
				CLANG_ENABLE_OBJC_ARC = YES;
				CLANG_ENABLE_OBJC_WEAK = YES;
				CLANG_WARN_BLOCK_CAPTURE_AUTORELEASING = YES;
				CLANG_WARN_BOOL_CONVERSION = YES;
				CLANG_WARN_COMMA = YES;
				CLANG_WARN_CONSTANT_CONVERSION = YES;
				CLANG_WARN_DEPRECATED_OBJC_IMPLEMENTATIONS = YES;
				CLANG_WARN_DIRECT_OBJC_ISA_USAGE = YES_ERROR;
				CLANG_WARN_DOCUMENTATION_COMMENTS = YES;
				CLANG_WARN_EMPTY_BODY = YES;
				CLANG_WARN_ENUM_CONVERSION = YES;
				CLANG_WARN_INFINITE_RECURSION = YES;
				CLANG_WARN_INT_CONVERSION = YES;
				CLANG_WARN_NON_LITERAL_NULL_CONVERSION = YES;
				CLANG_WARN_OBJC_IMPLICIT_RETAIN_SELF = YES;
				CLANG_WARN_OBJC_LITERAL_CONVERSION = YES;
				CLANG_WARN_OBJC_ROOT_CLASS = YES_ERROR;
				CLANG_WARN_RANGE_LOOP_ANALYSIS = YES;
				CLANG_WARN_STRICT_PROTOTYPES = YES;
				CLANG_WARN_SUSPICIOUS_MOVE = YES;
				CLANG_WARN_UNGUARDED_AVAILABILITY = YES_AGGRESSIVE;
				CLANG_WARN_UNREACHABLE_CODE = YES;
				CLANG_WARN__DUPLICATE_METHOD_MATCH = YES;
				COPY_PHASE_STRIP = NO;
				DEBUG_INFORMATION_FORMAT = "dwarf-with-dsym";
				ENABLE_NS_ASSERTIONS = NO;
				ENABLE_STRICT_OBJC_MSGSEND = YES;
				GCC_C_LANGUAGE_STANDARD = gnu11;
				GCC_NO_COMMON_BLOCKS = YES;
				GCC_WARN_64_TO_32_BIT_CONVERSION = YES;
				GCC_WARN_ABOUT_RETURN_TYPE = YES_ERROR;
				GCC_WARN_UNDECLARED_SELECTOR = YES;
				GCC_WARN_UNINITIALIZED_AUTOS = YES_AGGRESSIVE;
				GCC_WARN_UNUSED_FUNCTION = YES;
				GCC_WARN_UNUSED_VARIABLE = YES;
				IPHONEOS_DEPLOYMENT_TARGET = 13.7;
				MTL_ENABLE_DEBUG_INFO = NO;
				MTL_FAST_MATH = YES;
				SDKROOT = iphoneos;
				SWIFT_COMPILATION_MODE = wholemodule;
				SWIFT_OPTIMIZATION_LEVEL = "-O";
				VALIDATE_PRODUCT = YES;
			};
			name = Release;
		};
		7E3F72002504819F000CECED /* Debug */ = {
			isa = XCBuildConfiguration;
			buildSettings = {
				ASSETCATALOG_COMPILER_APPICON_NAME = AppIcon;
				CODE_SIGN_STYLE = Automatic;
				INFOPLIST_FILE = UserDefaultsAndKeychainSample/Info.plist;
				LD_RUNPATH_SEARCH_PATHS = (
					"$(inherited)",
					"@executable_path/Frameworks",
				);
				PRODUCT_BUNDLE_IDENTIFIER = "Daisuke-TONOSAKI.UserDefaultsAndKeychainSample";
				PRODUCT_NAME = "$(TARGET_NAME)";
				SWIFT_VERSION = 5.0;
				TARGETED_DEVICE_FAMILY = "1,2";
			};
			name = Debug;
		};
		7E3F72012504819F000CECED /* Release */ = {
			isa = XCBuildConfiguration;
			buildSettings = {
				ASSETCATALOG_COMPILER_APPICON_NAME = AppIcon;
				CODE_SIGN_STYLE = Automatic;
				INFOPLIST_FILE = UserDefaultsAndKeychainSample/Info.plist;
				LD_RUNPATH_SEARCH_PATHS = (
					"$(inherited)",
					"@executable_path/Frameworks",
				);
				PRODUCT_BUNDLE_IDENTIFIER = "Daisuke-TONOSAKI.UserDefaultsAndKeychainSample";
				PRODUCT_NAME = "$(TARGET_NAME)";
				SWIFT_VERSION = 5.0;
				TARGETED_DEVICE_FAMILY = "1,2";
			};
			name = Release;
		};
/* End XCBuildConfiguration section */

/* Begin XCConfigurationList section */
		7E3F71E62504819D000CECED /* Build configuration list for PBXProject "UserDefaultsAndKeychainSample" */ = {
			isa = XCConfigurationList;
			buildConfigurations = (
				7E3F71FD2504819F000CECED /* Debug */,
				7E3F71FE2504819F000CECED /* Release */,
			);
			defaultConfigurationIsVisible = 0;
			defaultConfigurationName = Release;
		};
		7E3F71FF2504819F000CECED /* Build configuration list for PBXNativeTarget "UserDefaultsAndKeychainSample" */ = {
			isa = XCConfigurationList;
			buildConfigurations = (
				7E3F72002504819F000CECED /* Debug */,
				7E3F72012504819F000CECED /* Release */,
			);
			defaultConfigurationIsVisible = 0;
			defaultConfigurationName = Release;
		};
/* End XCConfigurationList section */

/* Begin XCRemoteSwiftPackageReference section */
		7E3F720225048201000CECED /* XCRemoteSwiftPackageReference "KeychainAccess" */ = {
			isa = XCRemoteSwiftPackageReference;
			repositoryURL = "https://github.com/kishikawakatsumi/KeychainAccess";
			requirement = {
				kind = upToNextMajorVersion;
				minimumVersion = 4.2.0;
			};
		};
/* End XCRemoteSwiftPackageReference section */

/* Begin XCSwiftPackageProductDependency section */
		7E3F720325048201000CECED /* KeychainAccess */ = {
			isa = XCSwiftPackageProductDependency;
			package = 7E3F720225048201000CECED /* XCRemoteSwiftPackageReference "KeychainAccess" */;
			productName = KeychainAccess;
		};
/* End XCSwiftPackageProductDependency section */
	};
	rootObject = 7E3F71E32504819D000CECED /* Project object */;
}
